// !$*UTF8*$!
{
	archiveVersion = 1;
	classes = {
	};
	objectVersion = 50;
	objects = {

/* Begin PBXBuildFile section */
		E8F5C3CE2106472C007315DC /* AppDelegate.swift in Sources */ = {isa = PBXBuildFile; fileRef = E8F5C3CD2106472C007315DC /* AppDelegate.swift */; };
		E8F5C3D32106472C007315DC /* Main.storyboard in Resources */ = {isa = PBXBuildFile; fileRef = E8F5C3D12106472C007315DC /* Main.storyboard */; };
		E8F5C3D52106472D007315DC /* Assets.xcassets in Resources */ = {isa = PBXBuildFile; fileRef = E8F5C3D42106472D007315DC /* Assets.xcassets */; };
		E8F5C3D82106472D007315DC /* LaunchScreen.storyboard in Resources */ = {isa = PBXBuildFile; fileRef = E8F5C3D62106472D007315DC /* LaunchScreen.storyboard */; };
		E8F5C3E32106472E007315DC /* NotesTests.swift in Sources */ = {isa = PBXBuildFile; fileRef = E8F5C3E22106472E007315DC /* NotesTests.swift */; };
		E8F5C3F921064762007315DC /* APIClient.swift in Sources */ = {isa = PBXBuildFile; fileRef = E8F5C3F021064762007315DC /* APIClient.swift */; };
		E8F5C3FA21064762007315DC /* HTTPError.swift in Sources */ = {isa = PBXBuildFile; fileRef = E8F5C3F121064762007315DC /* HTTPError.swift */; };
		E8F5C3FB21064762007315DC /* APIResponse.swift in Sources */ = {isa = PBXBuildFile; fileRef = E8F5C3F221064762007315DC /* APIResponse.swift */; };
		E8F5C3FC21064762007315DC /* Errors.swift in Sources */ = {isa = PBXBuildFile; fileRef = E8F5C3F321064762007315DC /* Errors.swift */; };
		E8F5C3FD21064762007315DC /* ImagesDataGateway.swift in Sources */ = {isa = PBXBuildFile; fileRef = E8F5C3F521064762007315DC /* ImagesDataGateway.swift */; };
		E8F5C3FE21064762007315DC /* DownloaderGateway.swift in Sources */ = {isa = PBXBuildFile; fileRef = E8F5C3F621064762007315DC /* DownloaderGateway.swift */; };
		E8F5C3FF21064762007315DC /* CacheGateway.swift in Sources */ = {isa = PBXBuildFile; fileRef = E8F5C3F721064762007315DC /* CacheGateway.swift */; };
		E8F5C40021064762007315DC /* Urls.swift in Sources */ = {isa = PBXBuildFile; fileRef = E8F5C3F821064762007315DC /* Urls.swift */; };
		E8F5C4032106476E007315DC /* InitializableCodable.swift in Sources */ = {isa = PBXBuildFile; fileRef = E8F5C4022106476E007315DC /* InitializableCodable.swift */; };
		E8F5C40A2106477C007315DC /* Array + Extensions.swift in Sources */ = {isa = PBXBuildFile; fileRef = E8F5C4052106477C007315DC /* Array + Extensions.swift */; };
		E8F5C40B2106477C007315DC /* URLRequest + Extension.swift in Sources */ = {isa = PBXBuildFile; fileRef = E8F5C4062106477C007315DC /* URLRequest + Extension.swift */; };
		E8F5C40C2106477C007315DC /* Dictionary + Extensions.swift in Sources */ = {isa = PBXBuildFile; fileRef = E8F5C4072106477C007315DC /* Dictionary + Extensions.swift */; };
		E8F5C40D2106477C007315DC /* UIViewController + Extensions.swift in Sources */ = {isa = PBXBuildFile; fileRef = E8F5C4082106477C007315DC /* UIViewController + Extensions.swift */; };
		E8F5C40E2106477C007315DC /* UIView + Extensions.swift in Sources */ = {isa = PBXBuildFile; fileRef = E8F5C4092106477C007315DC /* UIView + Extensions.swift */; };
/* End PBXBuildFile section */

/* Begin PBXContainerItemProxy section */
		E8F5C3DF2106472E007315DC /* PBXContainerItemProxy */ = {
			isa = PBXContainerItemProxy;
			containerPortal = E8F5C3C22106472C007315DC /* Project object */;
			proxyType = 1;
			remoteGlobalIDString = E8F5C3C92106472C007315DC;
			remoteInfo = Notes;
		};
/* End PBXContainerItemProxy section */

/* Begin PBXFileReference section */
		E8F5C3CA2106472C007315DC /* Notes.app */ = {isa = PBXFileReference; explicitFileType = wrapper.application; includeInIndex = 0; path = Notes.app; sourceTree = BUILT_PRODUCTS_DIR; };
		E8F5C3CD2106472C007315DC /* AppDelegate.swift */ = {isa = PBXFileReference; lastKnownFileType = sourcecode.swift; path = AppDelegate.swift; sourceTree = "<group>"; };
		E8F5C3D22106472C007315DC /* Base */ = {isa = PBXFileReference; lastKnownFileType = file.storyboard; name = Base; path = Base.lproj/Main.storyboard; sourceTree = "<group>"; };
		E8F5C3D42106472D007315DC /* Assets.xcassets */ = {isa = PBXFileReference; lastKnownFileType = folder.assetcatalog; path = Assets.xcassets; sourceTree = "<group>"; };
		E8F5C3D72106472D007315DC /* Base */ = {isa = PBXFileReference; lastKnownFileType = file.storyboard; name = Base; path = Base.lproj/LaunchScreen.storyboard; sourceTree = "<group>"; };
		E8F5C3D92106472D007315DC /* Info.plist */ = {isa = PBXFileReference; lastKnownFileType = text.plist.xml; path = Info.plist; sourceTree = "<group>"; };
		E8F5C3DE2106472E007315DC /* NotesTests.xctest */ = {isa = PBXFileReference; explicitFileType = wrapper.cfbundle; includeInIndex = 0; path = NotesTests.xctest; sourceTree = BUILT_PRODUCTS_DIR; };
		E8F5C3E22106472E007315DC /* NotesTests.swift */ = {isa = PBXFileReference; lastKnownFileType = sourcecode.swift; path = NotesTests.swift; sourceTree = "<group>"; };
		E8F5C3E42106472E007315DC /* Info.plist */ = {isa = PBXFileReference; lastKnownFileType = text.plist.xml; path = Info.plist; sourceTree = "<group>"; };
		E8F5C3F021064762007315DC /* APIClient.swift */ = {isa = PBXFileReference; fileEncoding = 4; lastKnownFileType = sourcecode.swift; path = APIClient.swift; sourceTree = "<group>"; };
		E8F5C3F121064762007315DC /* HTTPError.swift */ = {isa = PBXFileReference; fileEncoding = 4; lastKnownFileType = sourcecode.swift; path = HTTPError.swift; sourceTree = "<group>"; };
		E8F5C3F221064762007315DC /* APIResponse.swift */ = {isa = PBXFileReference; fileEncoding = 4; lastKnownFileType = sourcecode.swift; path = APIResponse.swift; sourceTree = "<group>"; };
		E8F5C3F321064762007315DC /* Errors.swift */ = {isa = PBXFileReference; fileEncoding = 4; lastKnownFileType = sourcecode.swift; path = Errors.swift; sourceTree = "<group>"; };
		E8F5C3F521064762007315DC /* ImagesDataGateway.swift */ = {isa = PBXFileReference; fileEncoding = 4; lastKnownFileType = sourcecode.swift; path = ImagesDataGateway.swift; sourceTree = "<group>"; };
		E8F5C3F621064762007315DC /* DownloaderGateway.swift */ = {isa = PBXFileReference; fileEncoding = 4; lastKnownFileType = sourcecode.swift; path = DownloaderGateway.swift; sourceTree = "<group>"; };
		E8F5C3F721064762007315DC /* CacheGateway.swift */ = {isa = PBXFileReference; fileEncoding = 4; lastKnownFileType = sourcecode.swift; path = CacheGateway.swift; sourceTree = "<group>"; };
		E8F5C3F821064762007315DC /* Urls.swift */ = {isa = PBXFileReference; fileEncoding = 4; lastKnownFileType = sourcecode.swift; path = Urls.swift; sourceTree = "<group>"; };
		E8F5C4022106476E007315DC /* InitializableCodable.swift */ = {isa = PBXFileReference; fileEncoding = 4; lastKnownFileType = sourcecode.swift; path = InitializableCodable.swift; sourceTree = "<group>"; };
		E8F5C4052106477C007315DC /* Array + Extensions.swift */ = {isa = PBXFileReference; fileEncoding = 4; lastKnownFileType = sourcecode.swift; path = "Array + Extensions.swift"; sourceTree = "<group>"; };
		E8F5C4062106477C007315DC /* URLRequest + Extension.swift */ = {isa = PBXFileReference; fileEncoding = 4; lastKnownFileType = sourcecode.swift; path = "URLRequest + Extension.swift"; sourceTree = "<group>"; };
		E8F5C4072106477C007315DC /* Dictionary + Extensions.swift */ = {isa = PBXFileReference; fileEncoding = 4; lastKnownFileType = sourcecode.swift; path = "Dictionary + Extensions.swift"; sourceTree = "<group>"; };
		E8F5C4082106477C007315DC /* UIViewController + Extensions.swift */ = {isa = PBXFileReference; fileEncoding = 4; lastKnownFileType = sourcecode.swift; path = "UIViewController + Extensions.swift"; sourceTree = "<group>"; };
		E8F5C4092106477C007315DC /* UIView + Extensions.swift */ = {isa = PBXFileReference; fileEncoding = 4; lastKnownFileType = sourcecode.swift; path = "UIView + Extensions.swift"; sourceTree = "<group>"; };
/* End PBXFileReference section */

/* Begin PBXFrameworksBuildPhase section */
		E8F5C3C72106472C007315DC /* Frameworks */ = {
			isa = PBXFrameworksBuildPhase;
			buildActionMask = 2147483647;
			files = (
			);
			runOnlyForDeploymentPostprocessing = 0;
		};
		E8F5C3DB2106472E007315DC /* Frameworks */ = {
			isa = PBXFrameworksBuildPhase;
			buildActionMask = 2147483647;
			files = (
			);
			runOnlyForDeploymentPostprocessing = 0;
		};
/* End PBXFrameworksBuildPhase section */

/* Begin PBXGroup section */
		E8F5C3C12106472C007315DC = {
			isa = PBXGroup;
			children = (
				E8F5C3CC2106472C007315DC /* Notes */,
				E8F5C3E12106472E007315DC /* NotesTests */,
				E8F5C3CB2106472C007315DC /* Products */,
			);
			sourceTree = "<group>";
		};
		E8F5C3CB2106472C007315DC /* Products */ = {
			isa = PBXGroup;
			children = (
				E8F5C3CA2106472C007315DC /* Notes.app */,
				E8F5C3DE2106472E007315DC /* NotesTests.xctest */,
			);
			name = Products;
			sourceTree = "<group>";
		};
		E8F5C3CC2106472C007315DC /* Notes */ = {
			isa = PBXGroup;
			children = (
				E8F5C410210647B4007315DC /* Resources */,
				E8F5C40F21064790007315DC /* Supporting Files */,
				E8F5C4042106477C007315DC /* Extensions */,
				E8F5C4012106476E007315DC /* Protocols */,
				E8F5C3EE21064762007315DC /* Networking */,
				E8F5C3ED21064736007315DC /* ViewControllers */,
			);
			path = Notes;
			sourceTree = "<group>";
		};
		E8F5C3E12106472E007315DC /* NotesTests */ = {
			isa = PBXGroup;
			children = (
				E8F5C3E22106472E007315DC /* NotesTests.swift */,
				E8F5C3E42106472E007315DC /* Info.plist */,
			);
			path = NotesTests;
			sourceTree = "<group>";
		};
		E8F5C3ED21064736007315DC /* ViewControllers */ = {
			isa = PBXGroup;
			children = (
			);
			path = ViewControllers;
			sourceTree = "<group>";
		};
		E8F5C3EE21064762007315DC /* Networking */ = {
			isa = PBXGroup;
			children = (
				E8F5C3EF21064762007315DC /* Core */,
				E8F5C3F421064762007315DC /* Gateways */,
				E8F5C3F821064762007315DC /* Urls.swift */,
			);
			path = Networking;
			sourceTree = "<group>";
		};
		E8F5C3EF21064762007315DC /* Core */ = {
			isa = PBXGroup;
			children = (
				E8F5C3F021064762007315DC /* APIClient.swift */,
				E8F5C3F121064762007315DC /* HTTPError.swift */,
				E8F5C3F221064762007315DC /* APIResponse.swift */,
				E8F5C3F321064762007315DC /* Errors.swift */,
			);
			path = Core;
			sourceTree = "<group>";
		};
		E8F5C3F421064762007315DC /* Gateways */ = {
			isa = PBXGroup;
			children = (
				E8F5C3F521064762007315DC /* ImagesDataGateway.swift */,
				E8F5C3F621064762007315DC /* DownloaderGateway.swift */,
				E8F5C3F721064762007315DC /* CacheGateway.swift */,
			);
			path = Gateways;
			sourceTree = "<group>";
		};
		E8F5C4012106476E007315DC /* Protocols */ = {
			isa = PBXGroup;
			children = (
				E8F5C4022106476E007315DC /* InitializableCodable.swift */,
			);
			path = Protocols;
			sourceTree = "<group>";
		};
		E8F5C4042106477C007315DC /* Extensions */ = {
			isa = PBXGroup;
			children = (
				E8F5C4052106477C007315DC /* Array + Extensions.swift */,
				E8F5C4062106477C007315DC /* URLRequest + Extension.swift */,
				E8F5C4072106477C007315DC /* Dictionary + Extensions.swift */,
				E8F5C4082106477C007315DC /* UIViewController + Extensions.swift */,
				E8F5C4092106477C007315DC /* UIView + Extensions.swift */,
			);
			path = Extensions;
			sourceTree = "<group>";
		};
		E8F5C40F21064790007315DC /* Supporting Files */ = {
			isa = PBXGroup;
			children = (
				E8F5C3CD2106472C007315DC /* AppDelegate.swift */,
				E8F5C3D92106472D007315DC /* Info.plist */,
			);
			path = "Supporting Files";
			sourceTree = "<group>";
		};
		E8F5C410210647B4007315DC /* Resources */ = {
			isa = PBXGroup;
			children = (
				E8F5C3D12106472C007315DC /* Main.storyboard */,
				E8F5C3D42106472D007315DC /* Assets.xcassets */,
				E8F5C3D62106472D007315DC /* LaunchScreen.storyboard */,
			);
			path = Resources;
			sourceTree = "<group>";
		};
/* End PBXGroup section */

/* Begin PBXNativeTarget section */
		E8F5C3C92106472C007315DC /* Notes */ = {
			isa = PBXNativeTarget;
			buildConfigurationList = E8F5C3E72106472E007315DC /* Build configuration list for PBXNativeTarget "Notes" */;
			buildPhases = (
				E8F5C3C62106472C007315DC /* Sources */,
				E8F5C3C72106472C007315DC /* Frameworks */,
				E8F5C3C82106472C007315DC /* Resources */,
			);
			buildRules = (
			);
			dependencies = (
			);
			name = Notes;
			productName = Notes;
			productReference = E8F5C3CA2106472C007315DC /* Notes.app */;
			productType = "com.apple.product-type.application";
		};
		E8F5C3DD2106472E007315DC /* NotesTests */ = {
			isa = PBXNativeTarget;
			buildConfigurationList = E8F5C3EA2106472E007315DC /* Build configuration list for PBXNativeTarget "NotesTests" */;
			buildPhases = (
				E8F5C3DA2106472E007315DC /* Sources */,
				E8F5C3DB2106472E007315DC /* Frameworks */,
				E8F5C3DC2106472E007315DC /* Resources */,
			);
			buildRules = (
			);
			dependencies = (
				E8F5C3E02106472E007315DC /* PBXTargetDependency */,
			);
			name = NotesTests;
			productName = NotesTests;
			productReference = E8F5C3DE2106472E007315DC /* NotesTests.xctest */;
			productType = "com.apple.product-type.bundle.unit-test";
		};
/* End PBXNativeTarget section */

/* Begin PBXProject section */
		E8F5C3C22106472C007315DC /* Project object */ = {
			isa = PBXProject;
			attributes = {
				LastSwiftUpdateCheck = 0940;
				LastUpgradeCheck = 0940;
				ORGANIZATIONNAME = "Misha Apps";
				TargetAttributes = {
					E8F5C3C92106472C007315DC = {
						CreatedOnToolsVersion = 9.4;
					};
					E8F5C3DD2106472E007315DC = {
						CreatedOnToolsVersion = 9.4;
						TestTargetID = E8F5C3C92106472C007315DC;
					};
				};
			};
			buildConfigurationList = E8F5C3C52106472C007315DC /* Build configuration list for PBXProject "Notes" */;
			compatibilityVersion = "Xcode 9.3";
			developmentRegion = en;
			hasScannedForEncodings = 0;
			knownRegions = (
				en,
				Base,
			);
			mainGroup = E8F5C3C12106472C007315DC;
			productRefGroup = E8F5C3CB2106472C007315DC /* Products */;
			projectDirPath = "";
			projectRoot = "";
			targets = (
				E8F5C3C92106472C007315DC /* Notes */,
				E8F5C3DD2106472E007315DC /* NotesTests */,
			);
		};
/* End PBXProject section */

/* Begin PBXResourcesBuildPhase section */
		E8F5C3C82106472C007315DC /* Resources */ = {
			isa = PBXResourcesBuildPhase;
			buildActionMask = 2147483647;
			files = (
				E8F5C3D82106472D007315DC /* LaunchScreen.storyboard in Resources */,
				E8F5C3D52106472D007315DC /* Assets.xcassets in Resources */,
				E8F5C3D32106472C007315DC /* Main.storyboard in Resources */,
			);
			runOnlyForDeploymentPostprocessing = 0;
		};
		E8F5C3DC2106472E007315DC /* Resources */ = {
			isa = PBXResourcesBuildPhase;
			buildActionMask = 2147483647;
			files = (
			);
			runOnlyForDeploymentPostprocessing = 0;
		};
/* End PBXResourcesBuildPhase section */

/* Begin PBXSourcesBuildPhase section */
		E8F5C3C62106472C007315DC /* Sources */ = {
			isa = PBXSourcesBuildPhase;
			buildActionMask = 2147483647;
			files = (
				E8F5C3FD21064762007315DC /* ImagesDataGateway.swift in Sources */,
				E8F5C40A2106477C007315DC /* Array + Extensions.swift in Sources */,
				E8F5C3FA21064762007315DC /* HTTPError.swift in Sources */,
				E8F5C4032106476E007315DC /* InitializableCodable.swift in Sources */,
				E8F5C3FF21064762007315DC /* CacheGateway.swift in Sources */,
				E8F5C40B2106477C007315DC /* URLRequest + Extension.swift in Sources */,
				E8F5C3FE21064762007315DC /* DownloaderGateway.swift in Sources */,
				E8F5C40E2106477C007315DC /* UIView + Extensions.swift in Sources */,
				E8F5C3CE2106472C007315DC /* AppDelegate.swift in Sources */,
				E8F5C40C2106477C007315DC /* Dictionary + Extensions.swift in Sources */,
				E8F5C40D2106477C007315DC /* UIViewController + Extensions.swift in Sources */,
				E8F5C3FB21064762007315DC /* APIResponse.swift in Sources */,
				E8F5C3FC21064762007315DC /* Errors.swift in Sources */,
				E8F5C3F921064762007315DC /* APIClient.swift in Sources */,
				E8F5C40021064762007315DC /* Urls.swift in Sources */,
			);
			runOnlyForDeploymentPostprocessing = 0;
		};
		E8F5C3DA2106472E007315DC /* Sources */ = {
			isa = PBXSourcesBuildPhase;
			buildActionMask = 2147483647;
			files = (
				E8F5C3E32106472E007315DC /* NotesTests.swift in Sources */,
			);
			runOnlyForDeploymentPostprocessing = 0;
		};
/* End PBXSourcesBuildPhase section */

/* Begin PBXTargetDependency section */
		E8F5C3E02106472E007315DC /* PBXTargetDependency */ = {
			isa = PBXTargetDependency;
			target = E8F5C3C92106472C007315DC /* Notes */;
			targetProxy = E8F5C3DF2106472E007315DC /* PBXContainerItemProxy */;
		};
/* End PBXTargetDependency section */

/* Begin PBXVariantGroup section */
		E8F5C3D12106472C007315DC /* Main.storyboard */ = {
			isa = PBXVariantGroup;
			children = (
				E8F5C3D22106472C007315DC /* Base */,
			);
			name = Main.storyboard;
			sourceTree = "<group>";
		};
		E8F5C3D62106472D007315DC /* LaunchScreen.storyboard */ = {
			isa = PBXVariantGroup;
			children = (
				E8F5C3D72106472D007315DC /* Base */,
			);
			name = LaunchScreen.storyboard;
			sourceTree = "<group>";
		};
/* End PBXVariantGroup section */

/* Begin XCBuildConfiguration section */
		E8F5C3E52106472E007315DC /* Debug */ = {
			isa = XCBuildConfiguration;
			buildSettings = {
				ALWAYS_SEARCH_USER_PATHS = NO;
				CLANG_ANALYZER_NONNULL = YES;
				CLANG_ANALYZER_NUMBER_OBJECT_CONVERSION = YES_AGGRESSIVE;
				CLANG_CXX_LANGUAGE_STANDARD = "gnu++14";
				CLANG_CXX_LIBRARY = "libc++";
				CLANG_ENABLE_MODULES = YES;
				CLANG_ENABLE_OBJC_ARC = YES;
				CLANG_ENABLE_OBJC_WEAK = YES;
				CLANG_WARN_BLOCK_CAPTURE_AUTORELEASING = YES;
				CLANG_WARN_BOOL_CONVERSION = YES;
				CLANG_WARN_COMMA = YES;
				CLANG_WARN_CONSTANT_CONVERSION = YES;
				CLANG_WARN_DEPRECATED_OBJC_IMPLEMENTATIONS = YES;
				CLANG_WARN_DIRECT_OBJC_ISA_USAGE = YES_ERROR;
				CLANG_WARN_DOCUMENTATION_COMMENTS = YES;
				CLANG_WARN_EMPTY_BODY = YES;
				CLANG_WARN_ENUM_CONVERSION = YES;
				CLANG_WARN_INFINITE_RECURSION = YES;
				CLANG_WARN_INT_CONVERSION = YES;
				CLANG_WARN_NON_LITERAL_NULL_CONVERSION = YES;
				CLANG_WARN_OBJC_IMPLICIT_RETAIN_SELF = YES;
				CLANG_WARN_OBJC_LITERAL_CONVERSION = YES;
				CLANG_WARN_OBJC_ROOT_CLASS = YES_ERROR;
				CLANG_WARN_RANGE_LOOP_ANALYSIS = YES;
				CLANG_WARN_STRICT_PROTOTYPES = YES;
				CLANG_WARN_SUSPICIOUS_MOVE = YES;
				CLANG_WARN_UNGUARDED_AVAILABILITY = YES_AGGRESSIVE;
				CLANG_WARN_UNREACHABLE_CODE = YES;
				CLANG_WARN__DUPLICATE_METHOD_MATCH = YES;
				CODE_SIGN_IDENTITY = "iPhone Developer";
				COPY_PHASE_STRIP = NO;
				DEBUG_INFORMATION_FORMAT = dwarf;
				ENABLE_STRICT_OBJC_MSGSEND = YES;
				ENABLE_TESTABILITY = YES;
				GCC_C_LANGUAGE_STANDARD = gnu11;
				GCC_DYNAMIC_NO_PIC = NO;
				GCC_NO_COMMON_BLOCKS = YES;
				GCC_OPTIMIZATION_LEVEL = 0;
				GCC_PREPROCESSOR_DEFINITIONS = (
					"DEBUG=1",
					"$(inherited)",
				);
				GCC_WARN_64_TO_32_BIT_CONVERSION = YES;
				GCC_WARN_ABOUT_RETURN_TYPE = YES_ERROR;
				GCC_WARN_UNDECLARED_SELECTOR = YES;
				GCC_WARN_UNINITIALIZED_AUTOS = YES_AGGRESSIVE;
				GCC_WARN_UNUSED_FUNCTION = YES;
				GCC_WARN_UNUSED_VARIABLE = YES;
				IPHONEOS_DEPLOYMENT_TARGET = 11.4;
				MTL_ENABLE_DEBUG_INFO = YES;
				ONLY_ACTIVE_ARCH = YES;
				SDKROOT = iphoneos;
				SWIFT_ACTIVE_COMPILATION_CONDITIONS = DEBUG;
				SWIFT_OPTIMIZATION_LEVEL = "-Onone";
			};
			name = Debug;
		};
		E8F5C3E62106472E007315DC /* Release */ = {
			isa = XCBuildConfiguration;
			buildSettings = {
				ALWAYS_SEARCH_USER_PATHS = NO;
				CLANG_ANALYZER_NONNULL = YES;
				CLANG_ANALYZER_NUMBER_OBJECT_CONVERSION = YES_AGGRESSIVE;
				CLANG_CXX_LANGUAGE_STANDARD = "gnu++14";
				CLANG_CXX_LIBRARY = "libc++";
				CLANG_ENABLE_MODULES = YES;
				CLANG_ENABLE_OBJC_ARC = YES;
				CLANG_ENABLE_OBJC_WEAK = YES;
				CLANG_WARN_BLOCK_CAPTURE_AUTORELEASING = YES;
				CLANG_WARN_BOOL_CONVERSION = YES;
				CLANG_WARN_COMMA = YES;
				CLANG_WARN_CONSTANT_CONVERSION = YES;
				CLANG_WARN_DEPRECATED_OBJC_IMPLEMENTATIONS = YES;
				CLANG_WARN_DIRECT_OBJC_ISA_USAGE = YES_ERROR;
				CLANG_WARN_DOCUMENTATION_COMMENTS = YES;
				CLANG_WARN_EMPTY_BODY = YES;
				CLANG_WARN_ENUM_CONVERSION = YES;
				CLANG_WARN_INFINITE_RECURSION = YES;
				CLANG_WARN_INT_CONVERSION = YES;
				CLANG_WARN_NON_LITERAL_NULL_CONVERSION = YES;
				CLANG_WARN_OBJC_IMPLICIT_RETAIN_SELF = YES;
				CLANG_WARN_OBJC_LITERAL_CONVERSION = YES;
				CLANG_WARN_OBJC_ROOT_CLASS = YES_ERROR;
				CLANG_WARN_RANGE_LOOP_ANALYSIS = YES;
				CLANG_WARN_STRICT_PROTOTYPES = YES;
				CLANG_WARN_SUSPICIOUS_MOVE = YES;
				CLANG_WARN_UNGUARDED_AVAILABILITY = YES_AGGRESSIVE;
				CLANG_WARN_UNREACHABLE_CODE = YES;
				CLANG_WARN__DUPLICATE_METHOD_MATCH = YES;
				CODE_SIGN_IDENTITY = "iPhone Developer";
				COPY_PHASE_STRIP = NO;
				DEBUG_INFORMATION_FORMAT = "dwarf-with-dsym";
				ENABLE_NS_ASSERTIONS = NO;
				ENABLE_STRICT_OBJC_MSGSEND = YES;
				GCC_C_LANGUAGE_STANDARD = gnu11;
				GCC_NO_COMMON_BLOCKS = YES;
				GCC_WARN_64_TO_32_BIT_CONVERSION = YES;
				GCC_WARN_ABOUT_RETURN_TYPE = YES_ERROR;
				GCC_WARN_UNDECLARED_SELECTOR = YES;
				GCC_WARN_UNINITIALIZED_AUTOS = YES_AGGRESSIVE;
				GCC_WARN_UNUSED_FUNCTION = YES;
				GCC_WARN_UNUSED_VARIABLE = YES;
				IPHONEOS_DEPLOYMENT_TARGET = 11.4;
				MTL_ENABLE_DEBUG_INFO = NO;
				SDKROOT = iphoneos;
				SWIFT_COMPILATION_MODE = wholemodule;
				SWIFT_OPTIMIZATION_LEVEL = "-O";
				VALIDATE_PRODUCT = YES;
			};
			name = Release;
		};
		E8F5C3E82106472E007315DC /* Debug */ = {
			isa = XCBuildConfiguration;
			buildSettings = {
				ASSETCATALOG_COMPILER_APPICON_NAME = AppIcon;
				CODE_SIGN_STYLE = Automatic;
				INFOPLIST_FILE = "$(SRCROOT)/Notes/Supporting Files/Info.plist";
				LD_RUNPATH_SEARCH_PATHS = (
					"$(inherited)",
					"@executable_path/Frameworks",
				);
				PRODUCT_BUNDLE_IDENTIFIER = com.mike.Notes;
				PRODUCT_NAME = "$(TARGET_NAME)";
				SWIFT_VERSION = 4.0;
				TARGETED_DEVICE_FAMILY = "1,2";
			};
			name = Debug;
		};
		E8F5C3E92106472E007315DC /* Release */ = {
			isa = XCBuildConfiguration;
			buildSettings = {
				ASSETCATALOG_COMPILER_APPICON_NAME = AppIcon;
				CODE_SIGN_STYLE = Automatic;
				INFOPLIST_FILE = "$(SRCROOT)/Notes/Supporting Files/Info.plist";
				LD_RUNPATH_SEARCH_PATHS = (
					"$(inherited)",
					"@executable_path/Frameworks",
				);
				PRODUCT_BUNDLE_IDENTIFIER = com.mike.Notes;
				PRODUCT_NAME = "$(TARGET_NAME)";
				SWIFT_VERSION = 4.0;
				TARGETED_DEVICE_FAMILY = "1,2";
			};
			name = Release;
		};
		E8F5C3EB2106472E007315DC /* Debug */ = {
			isa = XCBuildConfiguration;
			buildSettings = {
				ALWAYS_EMBED_SWIFT_STANDARD_LIBRARIES = YES;
				BUNDLE_LOADER = "$(TEST_HOST)";
				CODE_SIGN_STYLE = Automatic;
				INFOPLIST_FILE = NotesTests/Info.plist;
				LD_RUNPATH_SEARCH_PATHS = (
					"$(inherited)",
					"@executable_path/Frameworks",
					"@loader_path/Frameworks",
				);
				PRODUCT_BUNDLE_IDENTIFIER = com.mike.NotesTests;
				PRODUCT_NAME = "$(TARGET_NAME)";
				SWIFT_VERSION = 4.0;
				TARGETED_DEVICE_FAMILY = "1,2";
				TEST_HOST = "$(BUILT_PRODUCTS_DIR)/Notes.app/Notes";
			};
			name = Debug;
		};
		E8F5C3EC2106472E007315DC /* Release */ = {
			isa = XCBuildConfiguration;
			buildSettings = {
				ALWAYS_EMBED_SWIFT_STANDARD_LIBRARIES = YES;
				BUNDLE_LOADER = "$(TEST_HOST)";
				CODE_SIGN_STYLE = Automatic;
				INFOPLIST_FILE = NotesTests/Info.plist;
				LD_RUNPATH_SEARCH_PATHS = (
					"$(inherited)",
					"@executable_path/Frameworks",
					"@loader_path/Frameworks",
				);
				PRODUCT_BUNDLE_IDENTIFIER = com.mike.NotesTests;
				PRODUCT_NAME = "$(TARGET_NAME)";
				SWIFT_VERSION = 4.0;
				TARGETED_DEVICE_FAMILY = "1,2";
				TEST_HOST = "$(BUILT_PRODUCTS_DIR)/Notes.app/Notes";
			};
			name = Release;
		};
/* End XCBuildConfiguration section */

/* Begin XCConfigurationList section */
		E8F5C3C52106472C007315DC /* Build configuration list for PBXProject "Notes" */ = {
			isa = XCConfigurationList;
			buildConfigurations = (
				E8F5C3E52106472E007315DC /* Debug */,
				E8F5C3E62106472E007315DC /* Release */,
			);
			defaultConfigurationIsVisible = 0;
			defaultConfigurationName = Release;
		};
		E8F5C3E72106472E007315DC /* Build configuration list for PBXNativeTarget "Notes" */ = {
			isa = XCConfigurationList;
			buildConfigurations = (
				E8F5C3E82106472E007315DC /* Debug */,
				E8F5C3E92106472E007315DC /* Release */,
			);
			defaultConfigurationIsVisible = 0;
			defaultConfigurationName = Release;
		};
		E8F5C3EA2106472E007315DC /* Build configuration list for PBXNativeTarget "NotesTests" */ = {
			isa = XCConfigurationList;
			buildConfigurations = (
				E8F5C3EB2106472E007315DC /* Debug */,
				E8F5C3EC2106472E007315DC /* Release */,
			);
			defaultConfigurationIsVisible = 0;
			defaultConfigurationName = Release;
		};
/* End XCConfigurationList section */
	};
	rootObject = E8F5C3C22106472C007315DC /* Project object */;
}
